
Microsoft Visual Studio Solution File, Format Version 12.00
# Visual Studio Version 16
VisualStudioVersion = 16.0.30907.101
MinimumVisualStudioVersion = 10.0.40219.1
Project("{9A19103F-16F7-4668-BE54-9A1E7A4F7556}") = "Testing", "Testing\Testing.csproj", "{6C01876A-1661-4850-B34D-ED76B014B33F}"
EndProject
Project("{FAE04EC0-301F-11D3-BF4B-00C04F79EFBC}") = "CommandWheelForms", "Forms\CommandWheelForms.csproj", "{C7A7DF67-058F-4D6F-9EF4-E1EBDBB25D4F}"
EndProject
Project("{9A19103F-16F7-4668-BE54-9A1E7A4F7556}") = "CommandWheelOverlay", "CommandWheelOverlay\CommandWheelOverlay.csproj", "{3558F4DD-9EB5-4091-BAD3-F8646AF8C05A}"
EndProject
Global
	GlobalSection(SolutionConfigurationPlatforms) = preSolution
		Debug|Any CPU = Debug|Any CPU
		Release|Any CPU = Release|Any CPU
	EndGlobalSection
	GlobalSection(ProjectConfigurationPlatforms) = postSolution
		{6C01876A-1661-4850-B34D-ED76B014B33F}.Debug|Any CPU.ActiveCfg = Debug|Any CPU
		{6C01876A-1661-4850-B34D-ED76B014B33F}.Debug|Any CPU.Build.0 = Debug|Any CPU
		{6C01876A-1661-4850-B34D-ED76B014B33F}.Release|Any CPU.ActiveCfg = Release|Any CPU
		{6C01876A-1661-4850-B34D-ED76B014B33F}.Release|Any CPU.Build.0 = Release|Any CPU
		{C7A7DF67-058F-4D6F-9EF4-E1EBDBB25D4F}.Debug|Any CPU.ActiveCfg = Debug|Any CPU
		{C7A7DF67-058F-4D6F-9EF4-E1EBDBB25D4F}.Debug|Any CPU.Build.0 = Debug|Any CPU
		{C7A7DF67-058F-4D6F-9EF4-E1EBDBB25D4F}.Release|Any CPU.ActiveCfg = Release|Any CPU
		{C7A7DF67-058F-4D6F-9EF4-E1EBDBB25D4F}.Release|Any CPU.Build.0 = Release|Any CPU
		{3558F4DD-9EB5-4091-BAD3-F8646AF8C05A}.Debug|Any CPU.ActiveCfg = Debug|Any CPU
		{3558F4DD-9EB5-4091-BAD3-F8646AF8C05A}.Debug|Any CPU.Build.0 = Debug|Any CPU
		{3558F4DD-9EB5-4091-BAD3-F8646AF8C05A}.Release|Any CPU.ActiveCfg = Release|Any CPU
		{3558F4DD-9EB5-4091-BAD3-F8646AF8C05A}.Release|Any CPU.Build.0 = Release|Any CPU
	EndGlobalSection
	GlobalSection(SolutionProperties) = preSolution
		HideSolutionNode = FALSE
	EndGlobalSection
	GlobalSection(ExtensibilityGlobals) = postSolution
		SolutionGuid = {5E12AC0F-A5A2-4798-A8A6-EA93116A47D5}
	EndGlobalSection
EndGlobal
